{
  "lockfileVersion": 1,
  "configVersion": 1,
  "workspaces": {
    "": {
      "name": "trackllm-website",
      "dependencies": {
        "plotly.js-dist-min": "^3.3.1",
      },
      "devDependencies": {
        "@types/plotly.js-dist-min": "^2.3.4",
        "typescript": "^5.7.0",
      },
    },
  },
  "packages": {
    "@types/plotly.js": ["@types/plotly.js@3.0.9", "", {}, "sha512-nHKn7czWIPN7rT5wWI5qhML2O1Prm/Gx0NNe1MVr5GUL1zuzxbvIDmG7hlKMMtDsEtNfNQLMlMwk0CRtd3uqhg=="],

    "@types/plotly.js-dist-min": ["@types/plotly.js-dist-min@2.3.4", "", { "dependencies": { "@types/plotly.js": "*" } }, "sha512-ISwLFV6Zs/v3DkaRFLyk2rvYAfVdnYP2VVVy7h+fBDWw52sn7sMUzytkWiN4M75uxr1uz1uiBioePTDpAfoFIg=="],

    "plotly.js-dist-min": ["plotly.js-dist-min@3.3.1", "", {}, "sha512-ZxKM9DlEoEF3wBzGRPGHt6gWTJrm5N81J9AgX9UBX/Qjc9L4lRxtPBPq+RmBJWoA71j1X5Z1ouuguLkdoo88tg=="],

    "typescript": ["typescript@5.9.3", "", { "bin": { "tsc": "bin/tsc", "tsserver": "bin/tsserver" } }, "sha512-jl1vZzPDinLr9eUt3J/t7V6FgNEw9QjvBPdysz9KfQDD41fQrC2Y4vKQdiaUpFT4bXlb1RHhLpp8wtm6M5TgSw=="],
  }
}
